// !$*UTF8*$!
{
	archiveVersion = 1;
	classes = {
	};
	objectVersion = 48;
	objects = {

/* Begin PBXBuildFile section */
		5025B54C2008B8D500F0889B /* SQLite.framework in Frameworks */ = {isa = PBXBuildFile; fileRef = 5025B53F2008B8CC00F0889B /* SQLite.framework */; };
		5025B54D2008B8DA00F0889B /* SQLite.framework in Frameworks */ = {isa = PBXBuildFile; fileRef = 5025B53F2008B8CC00F0889B /* SQLite.framework */; };
		5025B54E2008B8DA00F0889B /* SQLite.framework in Embed Frameworks */ = {isa = PBXBuildFile; fileRef = 5025B53F2008B8CC00F0889B /* SQLite.framework */; settings = {ATTRIBUTES = (CodeSignOnCopy, RemoveHeadersOnCopy, ); }; };
		5025B5522008BC6C00F0889B /* Beer.swift in Sources */ = {isa = PBXBuildFile; fileRef = 5025B5512008BC6C00F0889B /* Beer.swift */; };
		504BA8CE1FEA876900F52505 /* DatabaseAccess.swift in Sources */ = {isa = PBXBuildFile; fileRef = 504BA8CD1FEA876900F52505 /* DatabaseAccess.swift */; };
		50E0DD511FEA74B700C54915 /* AppDelegate.swift in Sources */ = {isa = PBXBuildFile; fileRef = 50E0DD501FEA74B700C54915 /* AppDelegate.swift */; };
		50E0DD561FEA74B700C54915 /* Main.storyboard in Resources */ = {isa = PBXBuildFile; fileRef = 50E0DD541FEA74B700C54915 /* Main.storyboard */; };
		50E0DD581FEA74B700C54915 /* Assets.xcassets in Resources */ = {isa = PBXBuildFile; fileRef = 50E0DD571FEA74B700C54915 /* Assets.xcassets */; };
		50E0DD5B1FEA74B700C54915 /* LaunchScreen.storyboard in Resources */ = {isa = PBXBuildFile; fileRef = 50E0DD591FEA74B700C54915 /* LaunchScreen.storyboard */; };
		50E0DD661FEA74B700C54915 /* myBeerTests.swift in Sources */ = {isa = PBXBuildFile; fileRef = 50E0DD651FEA74B700C54915 /* myBeerTests.swift */; };
		50E0DD711FEA74B700C54915 /* myBeerUITests.swift in Sources */ = {isa = PBXBuildFile; fileRef = 50E0DD701FEA74B700C54915 /* myBeerUITests.swift */; };
		50E0DD7F1FEA74F200C54915 /* BeerTableViewController.swift in Sources */ = {isa = PBXBuildFile; fileRef = 50E0DD7E1FEA74F200C54915 /* BeerTableViewController.swift */; };
		50E0DD811FEA7B2100C54915 /* addBeerViewController.swift in Sources */ = {isa = PBXBuildFile; fileRef = 50E0DD801FEA7B2100C54915 /* addBeerViewController.swift */; };
/* End PBXBuildFile section */

/* Begin PBXContainerItemProxy section */
		5025B53E2008B8CC00F0889B /* PBXContainerItemProxy */ = {
			isa = PBXContainerItemProxy;
			containerPortal = 5025B5342008B8CC00F0889B /* SQLite.xcodeproj */;
			proxyType = 2;
			remoteGlobalIDString = EE247AD31C3F04ED00AE3E12;
			remoteInfo = "SQLite iOS";
		};
		5025B5402008B8CC00F0889B /* PBXContainerItemProxy */ = {
			isa = PBXContainerItemProxy;
			containerPortal = 5025B5342008B8CC00F0889B /* SQLite.xcodeproj */;
			proxyType = 2;
			remoteGlobalIDString = EE247ADD1C3F04ED00AE3E12;
			remoteInfo = "SQLiteTests iOS";
		};
		5025B5422008B8CC00F0889B /* PBXContainerItemProxy */ = {
			isa = PBXContainerItemProxy;
			containerPortal = 5025B5342008B8CC00F0889B /* SQLite.xcodeproj */;
			proxyType = 2;
			remoteGlobalIDString = EE247B3C1C3F3ED000AE3E12;
			remoteInfo = "SQLite Mac";
		};
		5025B5442008B8CC00F0889B /* PBXContainerItemProxy */ = {
			isa = PBXContainerItemProxy;
			containerPortal = 5025B5342008B8CC00F0889B /* SQLite.xcodeproj */;
			proxyType = 2;
			remoteGlobalIDString = EE247B451C3F3ED000AE3E12;
			remoteInfo = "SQLiteTests Mac";
		};
		5025B5462008B8CC00F0889B /* PBXContainerItemProxy */ = {
			isa = PBXContainerItemProxy;
			containerPortal = 5025B5342008B8CC00F0889B /* SQLite.xcodeproj */;
			proxyType = 2;
			remoteGlobalIDString = 03A65E5A1C6BB0F50062603F;
			remoteInfo = "SQLite tvOS";
		};
		5025B5482008B8CC00F0889B /* PBXContainerItemProxy */ = {
			isa = PBXContainerItemProxy;
			containerPortal = 5025B5342008B8CC00F0889B /* SQLite.xcodeproj */;
			proxyType = 2;
			remoteGlobalIDString = 03A65E631C6BB0F60062603F;
			remoteInfo = "SQLiteTests tvOS";
		};
		5025B54A2008B8CC00F0889B /* PBXContainerItemProxy */ = {
			isa = PBXContainerItemProxy;
			containerPortal = 5025B5342008B8CC00F0889B /* SQLite.xcodeproj */;
			proxyType = 2;
			remoteGlobalIDString = A121AC451CA35C79005A31D1;
			remoteInfo = "SQLite watchOS";
		};
		5025B54F2008B8DA00F0889B /* PBXContainerItemProxy */ = {
			isa = PBXContainerItemProxy;
			containerPortal = 5025B5342008B8CC00F0889B /* SQLite.xcodeproj */;
			proxyType = 1;
			remoteGlobalIDString = EE247AD21C3F04ED00AE3E12;
			remoteInfo = "SQLite iOS";
		};
		50E0DD621FEA74B700C54915 /* PBXContainerItemProxy */ = {
			isa = PBXContainerItemProxy;
			containerPortal = 50E0DD451FEA74B700C54915 /* Project object */;
			proxyType = 1;
			remoteGlobalIDString = 50E0DD4C1FEA74B700C54915;
			remoteInfo = myBeer;
		};
		50E0DD6D1FEA74B700C54915 /* PBXContainerItemProxy */ = {
			isa = PBXContainerItemProxy;
			containerPortal = 50E0DD451FEA74B700C54915 /* Project object */;
			proxyType = 1;
			remoteGlobalIDString = 50E0DD4C1FEA74B700C54915;
			remoteInfo = myBeer;
		};
/* End PBXContainerItemProxy section */

/* Begin PBXCopyFilesBuildPhase section */
		504BA8CC1FEA86C000F52505 /* Embed Frameworks */ = {
			isa = PBXCopyFilesBuildPhase;
			buildActionMask = 2147483647;
			dstPath = "";
			dstSubfolderSpec = 10;
			files = (
				5025B54E2008B8DA00F0889B /* SQLite.framework in Embed Frameworks */,
			);
			name = "Embed Frameworks";
			runOnlyForDeploymentPostprocessing = 0;
		};
/* End PBXCopyFilesBuildPhase section */

/* Begin PBXFileReference section */
		5025B5342008B8CC00F0889B /* SQLite.xcodeproj */ = {isa = PBXFileReference; lastKnownFileType = "wrapper.pb-project"; name = SQLite.xcodeproj; path = "../../Downloads/SQLite.swift-master/SQLite.xcodeproj"; sourceTree = "<group>"; };
		5025B5512008BC6C00F0889B /* Beer.swift */ = {isa = PBXFileReference; lastKnownFileType = sourcecode.swift; path = Beer.swift; sourceTree = "<group>"; };
		504BA8CD1FEA876900F52505 /* DatabaseAccess.swift */ = {isa = PBXFileReference; lastKnownFileType = sourcecode.swift; path = DatabaseAccess.swift; sourceTree = "<group>"; };
		50E0DD4D1FEA74B700C54915 /* myBeer.app */ = {isa = PBXFileReference; explicitFileType = wrapper.application; includeInIndex = 0; path = myBeer.app; sourceTree = BUILT_PRODUCTS_DIR; };
		50E0DD501FEA74B700C54915 /* AppDelegate.swift */ = {isa = PBXFileReference; lastKnownFileType = sourcecode.swift; path = AppDelegate.swift; sourceTree = "<group>"; };
		50E0DD551FEA74B700C54915 /* Base */ = {isa = PBXFileReference; lastKnownFileType = file.storyboard; name = Base; path = Base.lproj/Main.storyboard; sourceTree = "<group>"; };
		50E0DD571FEA74B700C54915 /* Assets.xcassets */ = {isa = PBXFileReference; lastKnownFileType = folder.assetcatalog; path = Assets.xcassets; sourceTree = "<group>"; };
		50E0DD5A1FEA74B700C54915 /* Base */ = {isa = PBXFileReference; lastKnownFileType = file.storyboard; name = Base; path = Base.lproj/LaunchScreen.storyboard; sourceTree = "<group>"; };
		50E0DD5C1FEA74B700C54915 /* Info.plist */ = {isa = PBXFileReference; lastKnownFileType = text.plist.xml; path = Info.plist; sourceTree = "<group>"; };
		50E0DD611FEA74B700C54915 /* myBeerTests.xctest */ = {isa = PBXFileReference; explicitFileType = wrapper.cfbundle; includeInIndex = 0; path = myBeerTests.xctest; sourceTree = BUILT_PRODUCTS_DIR; };
		50E0DD651FEA74B700C54915 /* myBeerTests.swift */ = {isa = PBXFileReference; lastKnownFileType = sourcecode.swift; path = myBeerTests.swift; sourceTree = "<group>"; };
		50E0DD671FEA74B700C54915 /* Info.plist */ = {isa = PBXFileReference; lastKnownFileType = text.plist.xml; path = Info.plist; sourceTree = "<group>"; };
		50E0DD6C1FEA74B700C54915 /* myBeerUITests.xctest */ = {isa = PBXFileReference; explicitFileType = wrapper.cfbundle; includeInIndex = 0; path = myBeerUITests.xctest; sourceTree = BUILT_PRODUCTS_DIR; };
		50E0DD701FEA74B700C54915 /* myBeerUITests.swift */ = {isa = PBXFileReference; lastKnownFileType = sourcecode.swift; path = myBeerUITests.swift; sourceTree = "<group>"; };
		50E0DD721FEA74B700C54915 /* Info.plist */ = {isa = PBXFileReference; lastKnownFileType = text.plist.xml; path = Info.plist; sourceTree = "<group>"; };
		50E0DD7E1FEA74F200C54915 /* BeerTableViewController.swift */ = {isa = PBXFileReference; lastKnownFileType = sourcecode.swift; path = BeerTableViewController.swift; sourceTree = "<group>"; };
		50E0DD801FEA7B2100C54915 /* addBeerViewController.swift */ = {isa = PBXFileReference; lastKnownFileType = sourcecode.swift; path = addBeerViewController.swift; sourceTree = "<group>"; };
/* End PBXFileReference section */

/* Begin PBXFrameworksBuildPhase section */
		50E0DD4A1FEA74B700C54915 /* Frameworks */ = {
			isa = PBXFrameworksBuildPhase;
			buildActionMask = 2147483647;
			files = (
				5025B54D2008B8DA00F0889B /* SQLite.framework in Frameworks */,
				5025B54C2008B8D500F0889B /* SQLite.framework in Frameworks */,
			);
			runOnlyForDeploymentPostprocessing = 0;
		};
		50E0DD5E1FEA74B700C54915 /* Frameworks */ = {
			isa = PBXFrameworksBuildPhase;
			buildActionMask = 2147483647;
			files = (
			);
			runOnlyForDeploymentPostprocessing = 0;
		};
		50E0DD691FEA74B700C54915 /* Frameworks */ = {
			isa = PBXFrameworksBuildPhase;
			buildActionMask = 2147483647;
			files = (
			);
			runOnlyForDeploymentPostprocessing = 0;
		};
/* End PBXFrameworksBuildPhase section */

/* Begin PBXGroup section */
		5025B5352008B8CC00F0889B /* Products */ = {
			isa = PBXGroup;
			children = (
				5025B53F2008B8CC00F0889B /* SQLite.framework */,
				5025B5412008B8CC00F0889B /* SQLiteTests iOS.xctest */,
				5025B5432008B8CC00F0889B /* SQLite.framework */,
				5025B5452008B8CC00F0889B /* SQLiteTests Mac.xctest */,
				5025B5472008B8CC00F0889B /* SQLite.framework */,
				5025B5492008B8CC00F0889B /* SQLiteTests tvOS.xctest */,
				5025B54B2008B8CC00F0889B /* SQLite.framework */,
			);
			name = Products;
			sourceTree = "<group>";
		};
		504BA8C61FEA86A900F52505 /* Frameworks */ = {
			isa = PBXGroup;
			children = (
			);
			name = Frameworks;
			sourceTree = "<group>";
		};
		50E0DD441FEA74B700C54915 = {
			isa = PBXGroup;
			children = (
				50E0DD4F1FEA74B700C54915 /* myBeer */,
				50E0DD641FEA74B700C54915 /* myBeerTests */,
				50E0DD6F1FEA74B700C54915 /* myBeerUITests */,
				50E0DD4E1FEA74B700C54915 /* Products */,
				5025B5342008B8CC00F0889B /* SQLite.xcodeproj */,
				504BA8C61FEA86A900F52505 /* Frameworks */,
			);
			sourceTree = "<group>";
		};
		50E0DD4E1FEA74B700C54915 /* Products */ = {
			isa = PBXGroup;
			children = (
				50E0DD4D1FEA74B700C54915 /* myBeer.app */,
				50E0DD611FEA74B700C54915 /* myBeerTests.xctest */,
				50E0DD6C1FEA74B700C54915 /* myBeerUITests.xctest */,
			);
			name = Products;
			sourceTree = "<group>";
		};
		50E0DD4F1FEA74B700C54915 /* myBeer */ = {
			isa = PBXGroup;
			children = (
				50E0DD501FEA74B700C54915 /* AppDelegate.swift */,
				50E0DD541FEA74B700C54915 /* Main.storyboard */,
				50E0DD571FEA74B700C54915 /* Assets.xcassets */,
				50E0DD591FEA74B700C54915 /* LaunchScreen.storyboard */,
				50E0DD5C1FEA74B700C54915 /* Info.plist */,
				50E0DD7E1FEA74F200C54915 /* BeerTableViewController.swift */,
				50E0DD801FEA7B2100C54915 /* addBeerViewController.swift */,
				504BA8CD1FEA876900F52505 /* DatabaseAccess.swift */,
				5025B5512008BC6C00F0889B /* Beer.swift */,
			);
			path = myBeer;
			sourceTree = "<group>";
		};
		50E0DD641FEA74B700C54915 /* myBeerTests */ = {
			isa = PBXGroup;
			children = (
				50E0DD651FEA74B700C54915 /* myBeerTests.swift */,
				50E0DD671FEA74B700C54915 /* Info.plist */,
			);
			path = myBeerTests;
			sourceTree = "<group>";
		};
		50E0DD6F1FEA74B700C54915 /* myBeerUITests */ = {
			isa = PBXGroup;
			children = (
				50E0DD701FEA74B700C54915 /* myBeerUITests.swift */,
				50E0DD721FEA74B700C54915 /* Info.plist */,
			);
			path = myBeerUITests;
			sourceTree = "<group>";
		};
/* End PBXGroup section */

/* Begin PBXNativeTarget section */
		50E0DD4C1FEA74B700C54915 /* myBeer */ = {
			isa = PBXNativeTarget;
			buildConfigurationList = 50E0DD751FEA74B700C54915 /* Build configuration list for PBXNativeTarget "myBeer" */;
			buildPhases = (
				50E0DD491FEA74B700C54915 /* Sources */,
				50E0DD4A1FEA74B700C54915 /* Frameworks */,
				50E0DD4B1FEA74B700C54915 /* Resources */,
				504BA8CC1FEA86C000F52505 /* Embed Frameworks */,
			);
			buildRules = (
			);
			dependencies = (
				5025B5502008B8DA00F0889B /* PBXTargetDependency */,
			);
			name = myBeer;
			productName = myBeer;
			productReference = 50E0DD4D1FEA74B700C54915 /* myBeer.app */;
			productType = "com.apple.product-type.application";
		};
		50E0DD601FEA74B700C54915 /* myBeerTests */ = {
			isa = PBXNativeTarget;
			buildConfigurationList = 50E0DD781FEA74B700C54915 /* Build configuration list for PBXNativeTarget "myBeerTests" */;
			buildPhases = (
				50E0DD5D1FEA74B700C54915 /* Sources */,
				50E0DD5E1FEA74B700C54915 /* Frameworks */,
				50E0DD5F1FEA74B700C54915 /* Resources */,
			);
			buildRules = (
			);
			dependencies = (
				50E0DD631FEA74B700C54915 /* PBXTargetDependency */,
			);
			name = myBeerTests;
			productName = myBeerTests;
			productReference = 50E0DD611FEA74B700C54915 /* myBeerTests.xctest */;
			productType = "com.apple.product-type.bundle.unit-test";
		};
		50E0DD6B1FEA74B700C54915 /* myBeerUITests */ = {
			isa = PBXNativeTarget;
			buildConfigurationList = 50E0DD7B1FEA74B700C54915 /* Build configuration list for PBXNativeTarget "myBeerUITests" */;
			buildPhases = (
				50E0DD681FEA74B700C54915 /* Sources */,
				50E0DD691FEA74B700C54915 /* Frameworks */,
				50E0DD6A1FEA74B700C54915 /* Resources */,
			);
			buildRules = (
			);
			dependencies = (
				50E0DD6E1FEA74B700C54915 /* PBXTargetDependency */,
			);
			name = myBeerUITests;
			productName = myBeerUITests;
			productReference = 50E0DD6C1FEA74B700C54915 /* myBeerUITests.xctest */;
			productType = "com.apple.product-type.bundle.ui-testing";
		};
/* End PBXNativeTarget section */

/* Begin PBXProject section */
		50E0DD451FEA74B700C54915 /* Project object */ = {
			isa = PBXProject;
			attributes = {
				LastSwiftUpdateCheck = 0910;
				LastUpgradeCheck = 0910;
				ORGANIZATIONNAME = "CHANCEREL Loic";
				TargetAttributes = {
					50E0DD4C1FEA74B700C54915 = {
						CreatedOnToolsVersion = 9.1;
						ProvisioningStyle = Automatic;
					};
					50E0DD601FEA74B700C54915 = {
						CreatedOnToolsVersion = 9.1;
						ProvisioningStyle = Automatic;
						TestTargetID = 50E0DD4C1FEA74B700C54915;
					};
					50E0DD6B1FEA74B700C54915 = {
						CreatedOnToolsVersion = 9.1;
						ProvisioningStyle = Automatic;
						TestTargetID = 50E0DD4C1FEA74B700C54915;
					};
				};
			};
			buildConfigurationList = 50E0DD481FEA74B700C54915 /* Build configuration list for PBXProject "myBeer" */;
			compatibilityVersion = "Xcode 8.0";
			developmentRegion = en;
			hasScannedForEncodings = 0;
			knownRegions = (
				en,
				Base,
			);
			mainGroup = 50E0DD441FEA74B700C54915;
			productRefGroup = 50E0DD4E1FEA74B700C54915 /* Products */;
			projectDirPath = "";
			projectReferences = (
				{
					ProductGroup = 5025B5352008B8CC00F0889B /* Products */;
					ProjectRef = 5025B5342008B8CC00F0889B /* SQLite.xcodeproj */;
				},
			);
			projectRoot = "";
			targets = (
				50E0DD4C1FEA74B700C54915 /* myBeer */,
				50E0DD601FEA74B700C54915 /* myBeerTests */,
				50E0DD6B1FEA74B700C54915 /* myBeerUITests */,
			);
		};
/* End PBXProject section */

/* Begin PBXReferenceProxy section */
		5025B53F2008B8CC00F0889B /* SQLite.framework */ = {
			isa = PBXReferenceProxy;
			fileType = wrapper.framework;
			path = SQLite.framework;
			remoteRef = 5025B53E2008B8CC00F0889B /* PBXContainerItemProxy */;
			sourceTree = BUILT_PRODUCTS_DIR;
		};
		5025B5412008B8CC00F0889B /* SQLiteTests iOS.xctest */ = {
			isa = PBXReferenceProxy;
			fileType = wrapper.cfbundle;
			path = "SQLiteTests iOS.xctest";
			remoteRef = 5025B5402008B8CC00F0889B /* PBXContainerItemProxy */;
			sourceTree = BUILT_PRODUCTS_DIR;
		};
		5025B5432008B8CC00F0889B /* SQLite.framework */ = {
			isa = PBXReferenceProxy;
			fileType = wrapper.framework;
			path = SQLite.framework;
			remoteRef = 5025B5422008B8CC00F0889B /* PBXContainerItemProxy */;
			sourceTree = BUILT_PRODUCTS_DIR;
		};
		5025B5452008B8CC00F0889B /* SQLiteTests Mac.xctest */ = {
			isa = PBXReferenceProxy;
			fileType = wrapper.cfbundle;
			path = "SQLiteTests Mac.xctest";
			remoteRef = 5025B5442008B8CC00F0889B /* PBXContainerItemProxy */;
			sourceTree = BUILT_PRODUCTS_DIR;
		};
		5025B5472008B8CC00F0889B /* SQLite.framework */ = {
			isa = PBXReferenceProxy;
			fileType = wrapper.framework;
			path = SQLite.framework;
			remoteRef = 5025B5462008B8CC00F0889B /* PBXContainerItemProxy */;
			sourceTree = BUILT_PRODUCTS_DIR;
		};
		5025B5492008B8CC00F0889B /* SQLiteTests tvOS.xctest */ = {
			isa = PBXReferenceProxy;
			fileType = wrapper.cfbundle;
			path = "SQLiteTests tvOS.xctest";
			remoteRef = 5025B5482008B8CC00F0889B /* PBXContainerItemProxy */;
			sourceTree = BUILT_PRODUCTS_DIR;
		};
		5025B54B2008B8CC00F0889B /* SQLite.framework */ = {
			isa = PBXReferenceProxy;
			fileType = wrapper.framework;
			path = SQLite.framework;
			remoteRef = 5025B54A2008B8CC00F0889B /* PBXContainerItemProxy */;
			sourceTree = BUILT_PRODUCTS_DIR;
		};
/* End PBXReferenceProxy section */

/* Begin PBXResourcesBuildPhase section */
		50E0DD4B1FEA74B700C54915 /* Resources */ = {
			isa = PBXResourcesBuildPhase;
			buildActionMask = 2147483647;
			files = (
				50E0DD5B1FEA74B700C54915 /* LaunchScreen.storyboard in Resources */,
				50E0DD581FEA74B700C54915 /* Assets.xcassets in Resources */,
				50E0DD561FEA74B700C54915 /* Main.storyboard in Resources */,
			);
			runOnlyForDeploymentPostprocessing = 0;
		};
		50E0DD5F1FEA74B700C54915 /* Resources */ = {
			isa = PBXResourcesBuildPhase;
			buildActionMask = 2147483647;
			files = (
			);
			runOnlyForDeploymentPostprocessing = 0;
		};
		50E0DD6A1FEA74B700C54915 /* Resources */ = {
			isa = PBXResourcesBuildPhase;
			buildActionMask = 2147483647;
			files = (
			);
			runOnlyForDeploymentPostprocessing = 0;
		};
/* End PBXResourcesBuildPhase section */

/* Begin PBXSourcesBuildPhase section */
		50E0DD491FEA74B700C54915 /* Sources */ = {
			isa = PBXSourcesBuildPhase;
			buildActionMask = 2147483647;
			files = (
				50E0DD811FEA7B2100C54915 /* addBeerViewController.swift in Sources */,
				50E0DD511FEA74B700C54915 /* AppDelegate.swift in Sources */,
				5025B5522008BC6C00F0889B /* Beer.swift in Sources */,
				504BA8CE1FEA876900F52505 /* DatabaseAccess.swift in Sources */,
				50E0DD7F1FEA74F200C54915 /* BeerTableViewController.swift in Sources */,
			);
			runOnlyForDeploymentPostprocessing = 0;
		};
		50E0DD5D1FEA74B700C54915 /* Sources */ = {
			isa = PBXSourcesBuildPhase;
			buildActionMask = 2147483647;
			files = (
				50E0DD661FEA74B700C54915 /* myBeerTests.swift in Sources */,
			);
			runOnlyForDeploymentPostprocessing = 0;
		};
		50E0DD681FEA74B700C54915 /* Sources */ = {
			isa = PBXSourcesBuildPhase;
			buildActionMask = 2147483647;
			files = (
				50E0DD711FEA74B700C54915 /* myBeerUITests.swift in Sources */,
			);
			runOnlyForDeploymentPostprocessing = 0;
		};
/* End PBXSourcesBuildPhase section */

/* Begin PBXTargetDependency section */
		5025B5502008B8DA00F0889B /* PBXTargetDependency */ = {
			isa = PBXTargetDependency;
			name = "SQLite iOS";
			targetProxy = 5025B54F2008B8DA00F0889B /* PBXContainerItemProxy */;
		};
		50E0DD631FEA74B700C54915 /* PBXTargetDependency */ = {
			isa = PBXTargetDependency;
			target = 50E0DD4C1FEA74B700C54915 /* myBeer */;
			targetProxy = 50E0DD621FEA74B700C54915 /* PBXContainerItemProxy */;
		};
		50E0DD6E1FEA74B700C54915 /* PBXTargetDependency */ = {
			isa = PBXTargetDependency;
			target = 50E0DD4C1FEA74B700C54915 /* myBeer */;
			targetProxy = 50E0DD6D1FEA74B700C54915 /* PBXContainerItemProxy */;
		};
/* End PBXTargetDependency section */

/* Begin PBXVariantGroup section */
		50E0DD541FEA74B700C54915 /* Main.storyboard */ = {
			isa = PBXVariantGroup;
			children = (
				50E0DD551FEA74B700C54915 /* Base */,
			);
			name = Main.storyboard;
			sourceTree = "<group>";
		};
		50E0DD591FEA74B700C54915 /* LaunchScreen.storyboard */ = {
			isa = PBXVariantGroup;
			children = (
				50E0DD5A1FEA74B700C54915 /* Base */,
			);
			name = LaunchScreen.storyboard;
			sourceTree = "<group>";
		};
/* End PBXVariantGroup section */

/* Begin XCBuildConfiguration section */
		50E0DD731FEA74B700C54915 /* Debug */ = {
			isa = XCBuildConfiguration;
			buildSettings = {
				ALWAYS_SEARCH_USER_PATHS = NO;
				CLANG_ANALYZER_NONNULL = YES;
				CLANG_ANALYZER_NUMBER_OBJECT_CONVERSION = YES_AGGRESSIVE;
				CLANG_CXX_LANGUAGE_STANDARD = "gnu++14";
				CLANG_CXX_LIBRARY = "libc++";
				CLANG_ENABLE_MODULES = YES;
				CLANG_ENABLE_OBJC_ARC = YES;
				CLANG_WARN_BLOCK_CAPTURE_AUTORELEASING = YES;
				CLANG_WARN_BOOL_CONVERSION = YES;
				CLANG_WARN_COMMA = YES;
				CLANG_WARN_CONSTANT_CONVERSION = YES;
				CLANG_WARN_DIRECT_OBJC_ISA_USAGE = YES_ERROR;
				CLANG_WARN_DOCUMENTATION_COMMENTS = YES;
				CLANG_WARN_EMPTY_BODY = YES;
				CLANG_WARN_ENUM_CONVERSION = YES;
				CLANG_WARN_INFINITE_RECURSION = YES;
				CLANG_WARN_INT_CONVERSION = YES;
				CLANG_WARN_NON_LITERAL_NULL_CONVERSION = YES;
				CLANG_WARN_OBJC_LITERAL_CONVERSION = YES;
				CLANG_WARN_OBJC_ROOT_CLASS = YES_ERROR;
				CLANG_WARN_RANGE_LOOP_ANALYSIS = YES;
				CLANG_WARN_STRICT_PROTOTYPES = YES;
				CLANG_WARN_SUSPICIOUS_MOVE = YES;
				CLANG_WARN_UNGUARDED_AVAILABILITY = YES_AGGRESSIVE;
				CLANG_WARN_UNREACHABLE_CODE = YES;
				CLANG_WARN__DUPLICATE_METHOD_MATCH = YES;
				CODE_SIGN_IDENTITY = "iPhone Developer";
				COPY_PHASE_STRIP = NO;
				DEBUG_INFORMATION_FORMAT = dwarf;
				ENABLE_STRICT_OBJC_MSGSEND = YES;
				ENABLE_TESTABILITY = YES;
				GCC_C_LANGUAGE_STANDARD = gnu11;
				GCC_DYNAMIC_NO_PIC = NO;
				GCC_NO_COMMON_BLOCKS = YES;
				GCC_OPTIMIZATION_LEVEL = 0;
				GCC_PREPROCESSOR_DEFINITIONS = (
					"DEBUG=1",
					"$(inherited)",
				);
				GCC_WARN_64_TO_32_BIT_CONVERSION = YES;
				GCC_WARN_ABOUT_RETURN_TYPE = YES_ERROR;
				GCC_WARN_UNDECLARED_SELECTOR = YES;
				GCC_WARN_UNINITIALIZED_AUTOS = YES_AGGRESSIVE;
				GCC_WARN_UNUSED_FUNCTION = YES;
				GCC_WARN_UNUSED_VARIABLE = YES;
				IPHONEOS_DEPLOYMENT_TARGET = 11.1;
				MTL_ENABLE_DEBUG_INFO = YES;
				ONLY_ACTIVE_ARCH = YES;
				SDKROOT = iphoneos;
				SWIFT_ACTIVE_COMPILATION_CONDITIONS = DEBUG;
				SWIFT_OPTIMIZATION_LEVEL = "-Onone";
			};
			name = Debug;
		};
		50E0DD741FEA74B700C54915 /* Release */ = {
			isa = XCBuildConfiguration;
			buildSettings = {
				ALWAYS_SEARCH_USER_PATHS = NO;
				CLANG_ANALYZER_NONNULL = YES;
				CLANG_ANALYZER_NUMBER_OBJECT_CONVERSION = YES_AGGRESSIVE;
				CLANG_CXX_LANGUAGE_STANDARD = "gnu++14";
				CLANG_CXX_LIBRARY = "libc++";
				CLANG_ENABLE_MODULES = YES;
				CLANG_ENABLE_OBJC_ARC = YES;
				CLANG_WARN_BLOCK_CAPTURE_AUTORELEASING = YES;
				CLANG_WARN_BOOL_CONVERSION = YES;
				CLANG_WARN_COMMA = YES;
				CLANG_WARN_CONSTANT_CONVERSION = YES;
				CLANG_WARN_DIRECT_OBJC_ISA_USAGE = YES_ERROR;
				CLANG_WARN_DOCUMENTATION_COMMENTS = YES;
				CLANG_WARN_EMPTY_BODY = YES;
				CLANG_WARN_ENUM_CONVERSION = YES;
				CLANG_WARN_INFINITE_RECURSION = YES;
				CLANG_WARN_INT_CONVERSION = YES;
				CLANG_WARN_NON_LITERAL_NULL_CONVERSION = YES;
				CLANG_WARN_OBJC_LITERAL_CONVERSION = YES;
				CLANG_WARN_OBJC_ROOT_CLASS = YES_ERROR;
				CLANG_WARN_RANGE_LOOP_ANALYSIS = YES;
				CLANG_WARN_STRICT_PROTOTYPES = YES;
				CLANG_WARN_SUSPICIOUS_MOVE = YES;
				CLANG_WARN_UNGUARDED_AVAILABILITY = YES_AGGRESSIVE;
				CLANG_WARN_UNREACHABLE_CODE = YES;
				CLANG_WARN__DUPLICATE_METHOD_MATCH = YES;
				CODE_SIGN_IDENTITY = "iPhone Developer";
				COPY_PHASE_STRIP = NO;
				DEBUG_INFORMATION_FORMAT = "dwarf-with-dsym";
				ENABLE_NS_ASSERTIONS = NO;
				ENABLE_STRICT_OBJC_MSGSEND = YES;
				GCC_C_LANGUAGE_STANDARD = gnu11;
				GCC_NO_COMMON_BLOCKS = YES;
				GCC_WARN_64_TO_32_BIT_CONVERSION = YES;
				GCC_WARN_ABOUT_RETURN_TYPE = YES_ERROR;
				GCC_WARN_UNDECLARED_SELECTOR = YES;
				GCC_WARN_UNINITIALIZED_AUTOS = YES_AGGRESSIVE;
				GCC_WARN_UNUSED_FUNCTION = YES;
				GCC_WARN_UNUSED_VARIABLE = YES;
				IPHONEOS_DEPLOYMENT_TARGET = 11.1;
				MTL_ENABLE_DEBUG_INFO = NO;
				SDKROOT = iphoneos;
				SWIFT_OPTIMIZATION_LEVEL = "-Owholemodule";
				VALIDATE_PRODUCT = YES;
			};
			name = Release;
		};
		50E0DD761FEA74B700C54915 /* Debug */ = {
			isa = XCBuildConfiguration;
			buildSettings = {
				ALWAYS_EMBED_SWIFT_STANDARD_LIBRARIES = YES;
				ASSETCATALOG_COMPILER_APPICON_NAME = AppIcon;
				CODE_SIGN_STYLE = Automatic;
				INFOPLIST_FILE = myBeer/Info.plist;
				LD_RUNPATH_SEARCH_PATHS = "$(inherited) @executable_path/Frameworks";
				PRODUCT_BUNDLE_IDENTIFIER = if26.myBeer;
				PRODUCT_NAME = "$(TARGET_NAME)";
				SWIFT_VERSION = 4.0;
				TARGETED_DEVICE_FAMILY = "1,2";
			};
			name = Debug;
		};
		50E0DD771FEA74B700C54915 /* Release */ = {
			isa = XCBuildConfiguration;
			buildSettings = {
				ALWAYS_EMBED_SWIFT_STANDARD_LIBRARIES = YES;
				ASSETCATALOG_COMPILER_APPICON_NAME = AppIcon;
				CODE_SIGN_STYLE = Automatic;
				INFOPLIST_FILE = myBeer/Info.plist;
				LD_RUNPATH_SEARCH_PATHS = "$(inherited) @executable_path/Frameworks";
				PRODUCT_BUNDLE_IDENTIFIER = if26.myBeer;
				PRODUCT_NAME = "$(TARGET_NAME)";
				SWIFT_VERSION = 4.0;
				TARGETED_DEVICE_FAMILY = "1,2";
			};
			name = Release;
		};
		50E0DD791FEA74B700C54915 /* Debug */ = {
			isa = XCBuildConfiguration;
			buildSettings = {
				ALWAYS_EMBED_SWIFT_STANDARD_LIBRARIES = YES;
				BUNDLE_LOADER = "$(TEST_HOST)";
				CODE_SIGN_STYLE = Automatic;
				INFOPLIST_FILE = myBeerTests/Info.plist;
				LD_RUNPATH_SEARCH_PATHS = "$(inherited) @executable_path/Frameworks @loader_path/Frameworks";
				PRODUCT_BUNDLE_IDENTIFIER = if26.myBeerTests;
				PRODUCT_NAME = "$(TARGET_NAME)";
				SWIFT_VERSION = 4.0;
				TARGETED_DEVICE_FAMILY = "1,2";
				TEST_HOST = "$(BUILT_PRODUCTS_DIR)/myBeer.app/myBeer";
			};
			name = Debug;
		};
		50E0DD7A1FEA74B700C54915 /* Release */ = {
			isa = XCBuildConfiguration;
			buildSettings = {
				ALWAYS_EMBED_SWIFT_STANDARD_LIBRARIES = YES;
				BUNDLE_LOADER = "$(TEST_HOST)";
				CODE_SIGN_STYLE = Automatic;
				INFOPLIST_FILE = myBeerTests/Info.plist;
				LD_RUNPATH_SEARCH_PATHS = "$(inherited) @executable_path/Frameworks @loader_path/Frameworks";
				PRODUCT_BUNDLE_IDENTIFIER = if26.myBeerTests;
				PRODUCT_NAME = "$(TARGET_NAME)";
				SWIFT_VERSION = 4.0;
				TARGETED_DEVICE_FAMILY = "1,2";
				TEST_HOST = "$(BUILT_PRODUCTS_DIR)/myBeer.app/myBeer";
			};
			name = Release;
		};
		50E0DD7C1FEA74B700C54915 /* Debug */ = {
			isa = XCBuildConfiguration;
			buildSettings = {
				ALWAYS_EMBED_SWIFT_STANDARD_LIBRARIES = YES;
				CODE_SIGN_STYLE = Automatic;
				INFOPLIST_FILE = myBeerUITests/Info.plist;
				LD_RUNPATH_SEARCH_PATHS = "$(inherited) @executable_path/Frameworks @loader_path/Frameworks";
				PRODUCT_BUNDLE_IDENTIFIER = if26.myBeerUITests;
				PRODUCT_NAME = "$(TARGET_NAME)";
				SWIFT_VERSION = 4.0;
				TARGETED_DEVICE_FAMILY = "1,2";
				TEST_TARGET_NAME = myBeer;
			};
			name = Debug;
		};
		50E0DD7D1FEA74B700C54915 /* Release */ = {
			isa = XCBuildConfiguration;
			buildSettings = {
				ALWAYS_EMBED_SWIFT_STANDARD_LIBRARIES = YES;
				CODE_SIGN_STYLE = Automatic;
				INFOPLIST_FILE = myBeerUITests/Info.plist;
				LD_RUNPATH_SEARCH_PATHS = "$(inherited) @executable_path/Frameworks @loader_path/Frameworks";
				PRODUCT_BUNDLE_IDENTIFIER = if26.myBeerUITests;
				PRODUCT_NAME = "$(TARGET_NAME)";
				SWIFT_VERSION = 4.0;
				TARGETED_DEVICE_FAMILY = "1,2";
				TEST_TARGET_NAME = myBeer;
			};
			name = Release;
		};
/* End XCBuildConfiguration section */

/* Begin XCConfigurationList section */
		50E0DD481FEA74B700C54915 /* Build configuration list for PBXProject "myBeer" */ = {
			isa = XCConfigurationList;
			buildConfigurations = (
				50E0DD731FEA74B700C54915 /* Debug */,
				50E0DD741FEA74B700C54915 /* Release */,
			);
			defaultConfigurationIsVisible = 0;
			defaultConfigurationName = Release;
		};
		50E0DD751FEA74B700C54915 /* Build configuration list for PBXNativeTarget "myBeer" */ = {
			isa = XCConfigurationList;
			buildConfigurations = (
				50E0DD761FEA74B700C54915 /* Debug */,
				50E0DD771FEA74B700C54915 /* Release */,
			);
			defaultConfigurationIsVisible = 0;
			defaultConfigurationName = Release;
		};
		50E0DD781FEA74B700C54915 /* Build configuration list for PBXNativeTarget "myBeerTests" */ = {
			isa = XCConfigurationList;
			buildConfigurations = (
				50E0DD791FEA74B700C54915 /* Debug */,
				50E0DD7A1FEA74B700C54915 /* Release */,
			);
			defaultConfigurationIsVisible = 0;
			defaultConfigurationName = Release;
		};
		50E0DD7B1FEA74B700C54915 /* Build configuration list for PBXNativeTarget "myBeerUITests" */ = {
			isa = XCConfigurationList;
			buildConfigurations = (
				50E0DD7C1FEA74B700C54915 /* Debug */,
				50E0DD7D1FEA74B700C54915 /* Release */,
			);
			defaultConfigurationIsVisible = 0;
			defaultConfigurationName = Release;
		};
/* End XCConfigurationList section */
	};
	rootObject = 50E0DD451FEA74B700C54915 /* Project object */;
}
